// !$*UTF8*$!
{
	archiveVersion = 1;
	classes = {
	};
	objectVersion = 56;
	objects = {

/* Begin PBXBuildFile section */
		A020 /* medical_alert.wav in Resources */ = {isa = PBXBuildFile; fileRef = A120; };
		A001 /* IOSLocationTrackerApp.swift in Sources */ = {isa = PBXBuildFile; fileRef = A101; };
		A002 /* ContentView.swift in Sources */ = {isa = PBXBuildFile; fileRef = A102; };
		A003 /* LocationManager.swift in Sources */ = {isa = PBXBuildFile; fileRef = A103; };
		A004 /* IdoSmartManager.swift in Sources */ = {isa = PBXBuildFile; fileRef = A106; };
		A005 /* BloodPressureAlgorithm.swift in Sources */ = {isa = PBXBuildFile; fileRef = A107; };
		A006 /* GoogleSheetSyncManager.swift in Sources */ = {isa = PBXBuildFile; fileRef = A108; };
		A011 /* SPTheme.swift in Sources */ = {isa = PBXBuildFile; fileRef = A111; };
		A012 /* SPComponents.swift in Sources */ = {isa = PBXBuildFile; fileRef = A112; };
		A013 /* DevicesScreen.swift in Sources */ = {isa = PBXBuildFile; fileRef = A113; };
		A014 /* SOSScreen.swift in Sources */ = {isa = PBXBuildFile; fileRef = A114; };
		A015 /* IdentityScreen.swift in Sources */ = {isa = PBXBuildFile; fileRef = A115; };
		A007 /* CoreBluetooth.framework in Frameworks */ = {isa = PBXBuildFile; fileRef = A109; };
		A008 /* CoreLocation.framework in Frameworks */ = {isa = PBXBuildFile; fileRef = A110; };
		B001 /* App.xcframework in Frameworks */ = {isa = PBXBuildFile; fileRef = B101; };
		B002 /* Flutter.xcframework in Frameworks */ = {isa = PBXBuildFile; fileRef = B102; };
		B003 /* FlutterPluginRegistrant.xcframework in Frameworks */ = {isa = PBXBuildFile; fileRef = B103; };
		B004 /* flutter_bluetooth.xcframework in Frameworks */ = {isa = PBXBuildFile; fileRef = B104; };
		B005 /* IDOUtils.xcframework in Frameworks */ = {isa = PBXBuildFile; fileRef = B105; };
		B006 /* native_channel.xcframework in Frameworks */ = {isa = PBXBuildFile; fileRef = B106; };
		B007 /* protocol_c.xcframework in Frameworks */ = {isa = PBXBuildFile; fileRef = B107; };
		B008 /* protocol_channel.xcframework in Frameworks */ = {isa = PBXBuildFile; fileRef = B108; };
		B009 /* libiconv.tbd in Frameworks */ = {isa = PBXBuildFile; fileRef = B109; };
		B010 /* libz.tbd in Frameworks */ = {isa = PBXBuildFile; fileRef = B110; };
		B011 /* libc++.tbd in Frameworks */ = {isa = PBXBuildFile; fileRef = B111; };
		B012 /* CoreTelephony.framework in Frameworks */ = {isa = PBXBuildFile; fileRef = B112; };
		B013 /* icon_assets.bundle in Resources */ = {isa = PBXBuildFile; fileRef = B113; };
		E001 /* App.xcframework in Embed Frameworks */ = {isa = PBXBuildFile; fileRef = B101; settings = {ATTRIBUTES = (CodeSignOnCopy, RemoveHeadersOnCopy, ); }; };
		E002 /* Flutter.xcframework in Embed Frameworks */ = {isa = PBXBuildFile; fileRef = B102; settings = {ATTRIBUTES = (CodeSignOnCopy, RemoveHeadersOnCopy, ); }; };
		E004 /* flutter_bluetooth.xcframework in Embed Frameworks */ = {isa = PBXBuildFile; fileRef = B104; settings = {ATTRIBUTES = (CodeSignOnCopy, RemoveHeadersOnCopy, ); }; };
		E007 /* protocol_c.xcframework in Embed Frameworks */ = {isa = PBXBuildFile; fileRef = B107; settings = {ATTRIBUTES = (CodeSignOnCopy, RemoveHeadersOnCopy, ); }; };
		E008 /* protocol_channel.xcframework in Embed Frameworks */ = {isa = PBXBuildFile; fileRef = B108; settings = {ATTRIBUTES = (CodeSignOnCopy, RemoveHeadersOnCopy, ); }; };
		Z001 /* ZIPFoundation in Frameworks */ = {isa = PBXBuildFile; productRef = Z102 /* ZIPFoundation */; };
/* End PBXBuildFile section */

/* Begin PBXCopyFilesBuildPhase section */
		A505 /* Embed Frameworks */ = {
			isa = PBXCopyFilesBuildPhase;
			buildActionMask = 2147483647;
			dstPath = "";
			dstSubfolderSpec = 10;
			files = (
				E001 /* App.xcframework in Embed Frameworks */,
				E002 /* Flutter.xcframework in Embed Frameworks */,
				E004 /* flutter_bluetooth.xcframework in Embed Frameworks */,
				E007 /* protocol_c.xcframework in Embed Frameworks */,
				E008 /* protocol_channel.xcframework in Embed Frameworks */,
			);
			name = "Embed Frameworks";
			runOnlyForDeploymentPostprocessing = 0;
		};
/* End PBXCopyFilesBuildPhase section */

/* Begin PBXFileReference section */
		A120 /* medical_alert.wav */ = {isa = PBXFileReference; fileEncoding = 4; lastKnownFileType = audio.wav; path = medical_alert.wav; sourceTree = "<group>"; };
		A101 = {isa = PBXFileReference; lastKnownFileType = sourcecode.swift; path = IOSLocationTrackerApp.swift; sourceTree = "<group>"; };
		A102 = {isa = PBXFileReference; lastKnownFileType = sourcecode.swift; path = ContentView.swift; sourceTree = "<group>"; };
		A103 = {isa = PBXFileReference; lastKnownFileType = sourcecode.swift; path = LocationManager.swift; sourceTree = "<group>"; };
		A104 = {isa = PBXFileReference; lastKnownFileType = text.plist.xml; path = Info.plist; sourceTree = "<group>"; };
		A105 = {isa = PBXFileReference; explicitFileType = wrapper.application; path = IOSLocationTracker.app; sourceTree = BUILT_PRODUCTS_DIR; };
		A106 = {isa = PBXFileReference; lastKnownFileType = sourcecode.swift; path = IdoSmartManager.swift; sourceTree = "<group>"; };
		A107 = {isa = PBXFileReference; lastKnownFileType = sourcecode.swift; path = BloodPressureAlgorithm.swift; sourceTree = "<group>"; };
		A108 = {isa = PBXFileReference; lastKnownFileType = sourcecode.swift; path = GoogleSheetSyncManager.swift; sourceTree = "<group>"; };
		A111 = {isa = PBXFileReference; lastKnownFileType = sourcecode.swift; path = SPTheme.swift; sourceTree = "<group>"; };
		A112 = {isa = PBXFileReference; lastKnownFileType = sourcecode.swift; path = SPComponents.swift; sourceTree = "<group>"; };
		A113 = {isa = PBXFileReference; lastKnownFileType = sourcecode.swift; path = DevicesScreen.swift; sourceTree = "<group>"; };
		A114 = {isa = PBXFileReference; lastKnownFileType = sourcecode.swift; path = SOSScreen.swift; sourceTree = "<group>"; };
		A115 = {isa = PBXFileReference; lastKnownFileType = sourcecode.swift; path = IdentityScreen.swift; sourceTree = "<group>"; };
		A109 = {isa = PBXFileReference; lastKnownFileType = wrapper.framework; name = CoreBluetooth.framework; path = System/Library/Frameworks/CoreBluetooth.framework; sourceTree = SDKROOT; };
		A110 = {isa = PBXFileReference; lastKnownFileType = wrapper.framework; name = CoreLocation.framework; path = System/Library/Frameworks/CoreLocation.framework; sourceTree = SDKROOT; };
		B101 = {isa = PBXFileReference; lastKnownFileType = wrapper.xcframework; name = App.xcframework; path = Frameworks/App.xcframework; sourceTree = "<group>"; };
		B102 = {isa = PBXFileReference; lastKnownFileType = wrapper.xcframework; name = Flutter.xcframework; path = Frameworks/Flutter.xcframework; sourceTree = "<group>"; };
		B103 = {isa = PBXFileReference; lastKnownFileType = wrapper.xcframework; name = FlutterPluginRegistrant.xcframework; path = Frameworks/FlutterPluginRegistrant.xcframework; sourceTree = "<group>"; };
		B104 = {isa = PBXFileReference; lastKnownFileType = wrapper.xcframework; name = flutter_bluetooth.xcframework; path = Frameworks/flutter_bluetooth.xcframework; sourceTree = "<group>"; };
		B105 = {isa = PBXFileReference; lastKnownFileType = wrapper.xcframework; name = IDOUtils.xcframework; path = Frameworks/IDOUtils.xcframework; sourceTree = "<group>"; };
		B106 = {isa = PBXFileReference; lastKnownFileType = wrapper.xcframework; name = native_channel.xcframework; path = Frameworks/native_channel.xcframework; sourceTree = "<group>"; };
		B107 = {isa = PBXFileReference; lastKnownFileType = wrapper.xcframework; name = protocol_c.xcframework; path = Frameworks/protocol_c.xcframework; sourceTree = "<group>"; };
		B108 = {isa = PBXFileReference; lastKnownFileType = wrapper.xcframework; name = protocol_channel.xcframework; path = Frameworks/protocol_channel.xcframework; sourceTree = "<group>"; };
		B109 = {isa = PBXFileReference; lastKnownFileType = "sourcecode.text-based-dylib-definition"; name = libiconv.tbd; path = usr/lib/libiconv.tbd; sourceTree = SDKROOT; };
		B110 = {isa = PBXFileReference; lastKnownFileType = "sourcecode.text-based-dylib-definition"; name = libz.tbd; path = usr/lib/libz.tbd; sourceTree = SDKROOT; };
		B111 = {isa = PBXFileReference; lastKnownFileType = "sourcecode.text-based-dylib-definition"; name = "libc++.tbd"; path = "usr/lib/libc++.tbd"; sourceTree = SDKROOT; };
		B112 = {isa = PBXFileReference; lastKnownFileType = wrapper.framework; name = CoreTelephony.framework; path = System/Library/Frameworks/CoreTelephony.framework; sourceTree = SDKROOT; };
		B113 = {isa = PBXFileReference; lastKnownFileType = wrapper.plug-in; name = icon_assets.bundle; path = Frameworks/icon_assets.bundle; sourceTree = "<group>"; };
/* End PBXFileReference section */

/* Begin PBXFrameworksBuildPhase section */
		A503 = {
			isa = PBXFrameworksBuildPhase;
			buildActionMask = 2147483647;
			files = (
				A007 /* CoreBluetooth.framework in Frameworks */,
				A008 /* CoreLocation.framework in Frameworks */,
				B012 /* CoreTelephony.framework in Frameworks */,
				B001 /* App.xcframework in Frameworks */,
				B002 /* Flutter.xcframework in Frameworks */,
				B003 /* FlutterPluginRegistrant.xcframework in Frameworks */,
				B004 /* flutter_bluetooth.xcframework in Frameworks */,
				B005 /* IDOUtils.xcframework in Frameworks */,
				B006 /* native_channel.xcframework in Frameworks */,
				B007 /* protocol_c.xcframework in Frameworks */,
				B008 /* protocol_channel.xcframework in Frameworks */,
				B009 /* libiconv.tbd in Frameworks */,
				B010 /* libz.tbd in Frameworks */,
				B011 /* libc++.tbd in Frameworks */,
				Z001 /* ZIPFoundation in Frameworks */,
			);
			runOnlyForDeploymentPostprocessing = 0;
		};
/* End PBXFrameworksBuildPhase section */

/* Begin PBXGroup section */
		A201 = {
			isa = PBXGroup;
			children = (
				A101,
				A102,
				A103,
				A106,
				A107,
				A108,
				A111,
				A112,
				A113,
				A114,
				A115,
				A120,
				A104,
			);
			name = IOSLocationTracker;
			sourceTree = "<group>";
		};
		A202 = {
			isa = PBXGroup;
			children = (
				A105,
			);
			name = Products;
			sourceTree = "<group>";
		};
		A204 = {
			isa = PBXGroup;
			children = (
				A109,
				A110,
				B112,
				B101,
				B102,
				B103,
				B104,
				B105,
				B106,
				B107,
				B108,
				B109,
				B110,
				B111,
				B113,
			);
			name = Frameworks;
			sourceTree = "<group>";
		};
		A203 = {
			isa = PBXGroup;
			children = (
				A201,
				A204,
				A202,
			);
			sourceTree = "<group>";
		};
/* End PBXGroup section */

/* Begin PBXNativeTarget section */
		A301 = {
			isa = PBXNativeTarget;
			buildConfigurationList = A401;
			buildPhases = (
				A502 /* Sources */,
				A503 /* Frameworks */,
				A501 /* Resources */,
				A505 /* Embed Frameworks */,
			);
			buildRules = (
			);
			dependencies = (
			);
			name = IOSLocationTracker;
			packageProductDependencies = (
				Z102 /* ZIPFoundation */,
			);
			productName = IOSLocationTracker;
			productReference = A105;
			productType = "com.apple.product-type.application";
		};
/* End PBXNativeTarget section */

/* Begin PBXProject section */
		A601 = {
			isa = PBXProject;
			attributes = {
				BuildIndependentTargetsInParallel = 1;
				LastUpgradeCheck = 1600;
				TargetAttributes = {
					A301 = {
						CreatedOnToolsVersion = 16.0;
					};
				};
			};
			buildConfigurationList = A402;
			compatibilityVersion = "Xcode 14.0";
			developmentRegion = en;
			hasScannedForEncodings = 0;
			knownRegions = (
				en,
				Base,
			);
			mainGroup = A203;
			packageReferences = (
				Z101 /* XCRemoteSwiftPackageReference "ZIPFoundation" */,
			);
			productRefGroup = A202;
			projectDirPath = "";
			projectRoot = "";
			targets = (
				A301,
			);
		};
/* End PBXProject section */

/* Begin PBXResourcesBuildPhase section */
		A501 = {
			isa = PBXResourcesBuildPhase;
			buildActionMask = 2147483647;
			files = (
				B013 /* icon_assets.bundle in Resources */,
				A020 /* medical_alert.wav in Resources */,
			);
			runOnlyForDeploymentPostprocessing = 0;
		};
/* End PBXResourcesBuildPhase section */

/* Begin PBXSourcesBuildPhase section */
		A502 = {
			isa = PBXSourcesBuildPhase;
			buildActionMask = 2147483647;
			files = (
				A001 /* IOSLocationTrackerApp.swift in Sources */,
				A002 /* ContentView.swift in Sources */,
				A003 /* LocationManager.swift in Sources */,
				A004 /* IdoSmartManager.swift in Sources */,
				A005 /* BloodPressureAlgorithm.swift in Sources */,
				A006 /* GoogleSheetSyncManager.swift in Sources */,
				A011 /* SPTheme.swift in Sources */,
				A012 /* SPComponents.swift in Sources */,
				A013 /* DevicesScreen.swift in Sources */,
				A014 /* SOSScreen.swift in Sources */,
				A015 /* IdentityScreen.swift in Sources */,
			);
			runOnlyForDeploymentPostprocessing = 0;
		};
/* End PBXSourcesBuildPhase section */

/* Begin XCBuildConfiguration section */
		A701 = {
			isa = XCBuildConfiguration;
			buildSettings = {
				CLANG_ENABLE_MODULES = YES;
				IPHONEOS_DEPLOYMENT_TARGET = 15.0;
				SDKROOT = iphoneos;
			};
			name = Debug;
		};
		A702 = {
			isa = XCBuildConfiguration;
			buildSettings = {
				CLANG_ENABLE_MODULES = YES;
				IPHONEOS_DEPLOYMENT_TARGET = 15.0;
				SDKROOT = iphoneos;
			};
			name = Release;
		};
		A703 = {
			isa = XCBuildConfiguration;
			buildSettings = {
				CLANG_ENABLE_MODULES = YES;
				CODE_SIGN_STYLE = Automatic;
				CURRENT_PROJECT_VERSION = 1;
				ENABLE_BITCODE = NO;
				FRAMEWORK_SEARCH_PATHS = (
					"$(inherited)",
					"$(PROJECT_DIR)/Frameworks",
				);
				GCC_PREPROCESSOR_DEFINITIONS = (
					"$(inherited)",
					"PLATFORM_TYPE=2",
					"HAVE_INTTYPES_H",
					"HAVE_PKCRYPT",
					"HAVE_STDINT_H",
					"HAVE_WZAES",
					"HAVE_ZLIB",
					"VAR_ARRAYS",
					"USE_ALLOCA",
					"NONTHREADSAFE_PSEUDOSTACK",
					"OPUS_BUILD",
					"STDC_HEADERS",
				);
				GENERATE_INFOPLIST_FILE = NO;
				INFOPLIST_FILE = Info.plist;
				IPHONEOS_DEPLOYMENT_TARGET = 15.0;
				LD_RUNPATH_SEARCH_PATHS = (
					"$(inherited)",
					"@executable_path/Frameworks",
				);
				MARKETING_VERSION = 1.0;
				OTHER_LDFLAGS = (
					"$(inherited)",
					"-l\"iconv\"",
					"-l\"z\"",
					"-l\"c++\"",
					"-framework",
					"\"CoreTelephony\"",
				);
				PRODUCT_BUNDLE_IDENTIFIER = com.securitypass;
				PRODUCT_NAME = "$(TARGET_NAME)";
				SWIFT_VERSION = 5.0;
				TARGETED_DEVICE_FAMILY = "1,2";
			};
			name = Debug;
		};
		A704 = {
			isa = XCBuildConfiguration;
			buildSettings = {
				CLANG_ENABLE_MODULES = YES;
				CODE_SIGN_STYLE = Automatic;
				CURRENT_PROJECT_VERSION = 1;
				ENABLE_BITCODE = NO;
				FRAMEWORK_SEARCH_PATHS = (
					"$(inherited)",
					"$(PROJECT_DIR)/Frameworks",
				);
				GCC_PREPROCESSOR_DEFINITIONS = (
					"$(inherited)",
					"PLATFORM_TYPE=2",
					"HAVE_INTTYPES_H",
					"HAVE_PKCRYPT",
					"HAVE_STDINT_H",
					"HAVE_WZAES",
					"HAVE_ZLIB",
					"VAR_ARRAYS",
					"USE_ALLOCA",
					"NONTHREADSAFE_PSEUDOSTACK",
					"OPUS_BUILD",
					"STDC_HEADERS",
				);
				GENERATE_INFOPLIST_FILE = NO;
				INFOPLIST_FILE = Info.plist;
				IPHONEOS_DEPLOYMENT_TARGET = 15.0;
				LD_RUNPATH_SEARCH_PATHS = (
					"$(inherited)",
					"@executable_path/Frameworks",
				);
				MARKETING_VERSION = 1.0;
				OTHER_LDFLAGS = (
					"$(inherited)",
					"-l\"iconv\"",
					"-l\"z\"",
					"-l\"c++\"",
					"-framework",
					"\"CoreTelephony\"",
				);
				PRODUCT_BUNDLE_IDENTIFIER = com.securitypass;
				PRODUCT_NAME = "$(TARGET_NAME)";
				SWIFT_VERSION = 5.0;
				TARGETED_DEVICE_FAMILY = "1,2";
			};
			name = Release;
		};
/* End XCBuildConfiguration section */

/* Begin XCConfigurationList section */
		A401 = {
			isa = XCConfigurationList;
			buildConfigurations = (
				A703,
				A704,
			);
			defaultConfigurationIsVisible = 0;
			defaultConfigurationName = Release;
		};
		A402 = {
			isa = XCConfigurationList;
			buildConfigurations = (
				A701,
				A702,
			);
			defaultConfigurationIsVisible = 0;
			defaultConfigurationName = Release;
		};
/* End XCConfigurationList section */

/* Begin XCRemoteSwiftPackageReference section */
		Z101 /* XCRemoteSwiftPackageReference "ZIPFoundation" */ = {
			isa = XCRemoteSwiftPackageReference;
			repositoryURL = "https://github.com/weichsel/ZIPFoundation.git";
			requirement = {
				kind = upToNextMajorVersion;
				minimumVersion = 0.9.19;
			};
		};
/* End XCRemoteSwiftPackageReference section */

/* Begin XCSwiftPackageProductDependency section */
		Z102 /* ZIPFoundation */ = {
			isa = XCSwiftPackageProductDependency;
			package = Z101 /* XCRemoteSwiftPackageReference "ZIPFoundation" */;
			productName = ZIPFoundation;
		};
/* End XCSwiftPackageProductDependency section */
	};
	rootObject = A601;
}
